
Microsoft Visual Studio Solution File, Format Version 12.00
# Visual Studio Version 17
VisualStudioVersion = 17.10.35013.160
MinimumVisualStudioVersion = 10.0.40219.1
Project("{8BC9CEB8-8B4A-11D0-8D11-00A0C91BC942}") = "Project1", "Project1\Project1.vcxproj", "{0317BF99-359A-4533-B184-B42997B3ABF3}"
EndProject
Project("{8BC9CEB8-8B4A-11D0-8D11-00A0C91BC942}") = "Sample-Test1", "Sample-Test1\Sample-Test1.vcxproj", "{246E25EF-5634-4CE3-99EF-2E437DF3459E}"
EndProject
Project("{2150E333-8FDC-42A3-9474-1A3956D46DE8}") = "솔루션 항목", "솔루션 항목", "{B3A0A42D-D645-4A66-9601-41D03EA86361}"
	ProjectSection(SolutionItems) = preProject
		.editorconfig = .editorconfig
		.gitignore = .gitignore
		README.md = README.md
	EndProjectSection
EndProject
Global
	GlobalSection(SolutionConfigurationPlatforms) = preSolution
		Debug|x64 = Debug|x64
		Debug|x86 = Debug|x86
		Release|x64 = Release|x64
		Release|x86 = Release|x86
	EndGlobalSection
	GlobalSection(ProjectConfigurationPlatforms) = postSolution
		{0317BF99-359A-4533-B184-B42997B3ABF3}.Debug|x64.ActiveCfg = Debug|x64
		{0317BF99-359A-4533-B184-B42997B3ABF3}.Debug|x64.Build.0 = Debug|x64
		{0317BF99-359A-4533-B184-B42997B3ABF3}.Debug|x86.ActiveCfg = Debug|Win32
		{0317BF99-359A-4533-B184-B42997B3ABF3}.Debug|x86.Build.0 = Debug|Win32
		{0317BF99-359A-4533-B184-B42997B3ABF3}.Release|x64.ActiveCfg = Release|x64
		{0317BF99-359A-4533-B184-B42997B3ABF3}.Release|x64.Build.0 = Release|x64
		{0317BF99-359A-4533-B184-B42997B3ABF3}.Release|x86.ActiveCfg = Release|Win32
		{0317BF99-359A-4533-B184-B42997B3ABF3}.Release|x86.Build.0 = Release|Win32
		{246E25EF-5634-4CE3-99EF-2E437DF3459E}.Debug|x64.ActiveCfg = Debug|x64
		{246E25EF-5634-4CE3-99EF-2E437DF3459E}.Debug|x64.Build.0 = Debug|x64
		{246E25EF-5634-4CE3-99EF-2E437DF3459E}.Debug|x86.ActiveCfg = Debug|Win32
		{246E25EF-5634-4CE3-99EF-2E437DF3459E}.Debug|x86.Build.0 = Debug|Win32
		{246E25EF-5634-4CE3-99EF-2E437DF3459E}.Release|x64.ActiveCfg = Release|x64
		{246E25EF-5634-4CE3-99EF-2E437DF3459E}.Release|x64.Build.0 = Release|x64
		{246E25EF-5634-4CE3-99EF-2E437DF3459E}.Release|x86.ActiveCfg = Release|Win32
		{246E25EF-5634-4CE3-99EF-2E437DF3459E}.Release|x86.Build.0 = Release|Win32
	EndGlobalSection
	GlobalSection(SolutionProperties) = preSolution
		HideSolutionNode = FALSE
	EndGlobalSection
	GlobalSection(ExtensibilityGlobals) = postSolution
		SolutionGuid = {090C98AF-98FD-470F-8411-34E8EE3CBE42}
	EndGlobalSection
EndGlobal
